
Microsoft Visual Studio Solution File, Format Version 12.00
# Visual Studio Version 18
VisualStudioVersion = 18.1.11312.151
MinimumVisualStudioVersion = 10.0.40219.1
Project("{9A19103F-16F7-4668-BE54-9A1E7A4F7556}") = "GlideBuy", "GlideBuy\GlideBuy.csproj", "{ADCC55A9-3611-4DB8-9D6F-9F0FF21CE9BA}"
EndProject
Project("{2150E333-8FDC-42A3-9474-1A3956D46DE8}") = "Solution Items", "Solution Items", "{8EC462FD-D22E-90A8-E5CE-7E832BA40C5D}"
	ProjectSection(SolutionItems) = preProject
		README.md = README.md
	EndProjectSection
EndProject
Project("{FAE04EC0-301F-11D3-BF4B-00C04F79EFBC}") = "GlideBuy.Core", "GlideBuy.Core\GlideBuy.Core.csproj", "{615D4F57-6839-4DAE-9B4C-6DF2985889C9}"
EndProject
Project("{2150E333-8FDC-42A3-9474-1A3956D46DE8}") = "Plugins", "Plugins", "{5EEE2B84-48B5-4E87-BBEE-E3BE5C7A57BE}"
EndProject
Project("{FAE04EC0-301F-11D3-BF4B-00C04F79EFBC}") = "GlideBuy.Plugin.Payments.CreditCard", "Plugins\GlideBuy.Plugin.Payments.CreditCard\GlideBuy.Plugin.Payments.CreditCard.csproj", "{0C33E0B9-01EC-4C8E-9A7F-1C006866C9C9}"
EndProject
Project("{FAE04EC0-301F-11D3-BF4B-00C04F79EFBC}") = "GlideBuy.Plugin.Payments.PayPalCommerce", "Plugins\GlideBuy.Plugin.Payments.PayPalCommerce\GlideBuy.Plugin.Payments.PayPalCommerce.csproj", "{C95EE658-9D38-4C41-9AD6-DD20A631DC9B}"
EndProject
Project("{FAE04EC0-301F-11D3-BF4B-00C04F79EFBC}") = "GlideBuy.Plugin.Payments.AmazonPay", "Plugins\GlideBuy.Plugin.Payments.AmazonPay\GlideBuy.Plugin.Payments.AmazonPay.csproj", "{1CD22FEF-CFA2-43BC-8CC7-EAB4B5ADDACA}"
EndProject
Project("{FAE04EC0-301F-11D3-BF4B-00C04F79EFBC}") = "GlideBuy.Plugin.Payments.CheckMoneyOrder", "Plugins\GlideBuy.Plugin.Payments.CheckMoneyOrder\GlideBuy.Plugin.Payments.CheckMoneyOrder.csproj", "{311C12DC-4E20-4AEF-8C02-3F43E7911E02}"
EndProject
Project("{FAE04EC0-301F-11D3-BF4B-00C04F79EFBC}") = "GlideBuy.Services", "GlideBuy.Services\GlideBuy.Services.csproj", "{F8405BAC-4286-468E-A166-383F4E496A4F}"
EndProject
Project("{FAE04EC0-301F-11D3-BF4B-00C04F79EFBC}") = "GlideBuy.Data", "GlideBuy.Data\GlideBuy.Data.csproj", "{472432A8-7601-411D-BAAF-828F3E194C98}"
EndProject
Global
	GlobalSection(SolutionConfigurationPlatforms) = preSolution
		Debug|Any CPU = Debug|Any CPU
		Release|Any CPU = Release|Any CPU
	EndGlobalSection
	GlobalSection(ProjectConfigurationPlatforms) = postSolution
		{ADCC55A9-3611-4DB8-9D6F-9F0FF21CE9BA}.Debug|Any CPU.ActiveCfg = Debug|Any CPU
		{ADCC55A9-3611-4DB8-9D6F-9F0FF21CE9BA}.Debug|Any CPU.Build.0 = Debug|Any CPU
		{ADCC55A9-3611-4DB8-9D6F-9F0FF21CE9BA}.Release|Any CPU.ActiveCfg = Release|Any CPU
		{ADCC55A9-3611-4DB8-9D6F-9F0FF21CE9BA}.Release|Any CPU.Build.0 = Release|Any CPU
		{615D4F57-6839-4DAE-9B4C-6DF2985889C9}.Debug|Any CPU.ActiveCfg = Debug|Any CPU
		{615D4F57-6839-4DAE-9B4C-6DF2985889C9}.Debug|Any CPU.Build.0 = Debug|Any CPU
		{615D4F57-6839-4DAE-9B4C-6DF2985889C9}.Release|Any CPU.ActiveCfg = Release|Any CPU
		{615D4F57-6839-4DAE-9B4C-6DF2985889C9}.Release|Any CPU.Build.0 = Release|Any CPU
		{0C33E0B9-01EC-4C8E-9A7F-1C006866C9C9}.Debug|Any CPU.ActiveCfg = Debug|Any CPU
		{0C33E0B9-01EC-4C8E-9A7F-1C006866C9C9}.Debug|Any CPU.Build.0 = Debug|Any CPU
		{0C33E0B9-01EC-4C8E-9A7F-1C006866C9C9}.Release|Any CPU.ActiveCfg = Release|Any CPU
		{0C33E0B9-01EC-4C8E-9A7F-1C006866C9C9}.Release|Any CPU.Build.0 = Release|Any CPU
		{C95EE658-9D38-4C41-9AD6-DD20A631DC9B}.Debug|Any CPU.ActiveCfg = Debug|Any CPU
		{C95EE658-9D38-4C41-9AD6-DD20A631DC9B}.Debug|Any CPU.Build.0 = Debug|Any CPU
		{C95EE658-9D38-4C41-9AD6-DD20A631DC9B}.Release|Any CPU.ActiveCfg = Release|Any CPU
		{C95EE658-9D38-4C41-9AD6-DD20A631DC9B}.Release|Any CPU.Build.0 = Release|Any CPU
		{1CD22FEF-CFA2-43BC-8CC7-EAB4B5ADDACA}.Debug|Any CPU.ActiveCfg = Debug|Any CPU
		{1CD22FEF-CFA2-43BC-8CC7-EAB4B5ADDACA}.Debug|Any CPU.Build.0 = Debug|Any CPU
		{1CD22FEF-CFA2-43BC-8CC7-EAB4B5ADDACA}.Release|Any CPU.ActiveCfg = Release|Any CPU
		{1CD22FEF-CFA2-43BC-8CC7-EAB4B5ADDACA}.Release|Any CPU.Build.0 = Release|Any CPU
		{311C12DC-4E20-4AEF-8C02-3F43E7911E02}.Debug|Any CPU.ActiveCfg = Debug|Any CPU
		{311C12DC-4E20-4AEF-8C02-3F43E7911E02}.Debug|Any CPU.Build.0 = Debug|Any CPU
		{311C12DC-4E20-4AEF-8C02-3F43E7911E02}.Release|Any CPU.ActiveCfg = Release|Any CPU
		{311C12DC-4E20-4AEF-8C02-3F43E7911E02}.Release|Any CPU.Build.0 = Release|Any CPU
		{F8405BAC-4286-468E-A166-383F4E496A4F}.Debug|Any CPU.ActiveCfg = Debug|Any CPU
		{F8405BAC-4286-468E-A166-383F4E496A4F}.Debug|Any CPU.Build.0 = Debug|Any CPU
		{F8405BAC-4286-468E-A166-383F4E496A4F}.Release|Any CPU.ActiveCfg = Release|Any CPU
		{F8405BAC-4286-468E-A166-383F4E496A4F}.Release|Any CPU.Build.0 = Release|Any CPU
		{472432A8-7601-411D-BAAF-828F3E194C98}.Debug|Any CPU.ActiveCfg = Debug|Any CPU
		{472432A8-7601-411D-BAAF-828F3E194C98}.Debug|Any CPU.Build.0 = Debug|Any CPU
		{472432A8-7601-411D-BAAF-828F3E194C98}.Release|Any CPU.ActiveCfg = Release|Any CPU
		{472432A8-7601-411D-BAAF-828F3E194C98}.Release|Any CPU.Build.0 = Release|Any CPU
	EndGlobalSection
	GlobalSection(SolutionProperties) = preSolution
		HideSolutionNode = FALSE
	EndGlobalSection
	GlobalSection(NestedProjects) = preSolution
		{0C33E0B9-01EC-4C8E-9A7F-1C006866C9C9} = {5EEE2B84-48B5-4E87-BBEE-E3BE5C7A57BE}
		{C95EE658-9D38-4C41-9AD6-DD20A631DC9B} = {5EEE2B84-48B5-4E87-BBEE-E3BE5C7A57BE}
		{1CD22FEF-CFA2-43BC-8CC7-EAB4B5ADDACA} = {5EEE2B84-48B5-4E87-BBEE-E3BE5C7A57BE}
		{311C12DC-4E20-4AEF-8C02-3F43E7911E02} = {5EEE2B84-48B5-4E87-BBEE-E3BE5C7A57BE}
	EndGlobalSection
	GlobalSection(ExtensibilityGlobals) = postSolution
		SolutionGuid = {1EE03495-D149-474B-A581-A59868BCC484}
	EndGlobalSection
EndGlobal
